{
  "version": 4,
  "terraform_version": "1.4.4",
  "serial": 83,
  "lineage": "cd860866-03ad-8d48-bcdc-5ebd68fa0092",
  "outputs": {},
  "resources": [
    {
      "module": "module.gke-cluster-1",
      "mode": "managed",
      "type": "google_container_cluster",
      "name": "cluster",
      "provider": "provider[\"registry.terraform.io/hashicorp/google-beta\"]",
      "instances": [
        {
          "schema_version": 1,
          "attributes": {
            "addons_config": [
              {
                "cloudrun_config": [
                  {
                    "disabled": true,
                    "load_balancer_type": ""
                  }
                ],
                "config_connector_config": [
                  {
                    "enabled": false
                  }
                ],
                "dns_cache_config": [
                  {
                    "enabled": false
                  }
                ],
                "gce_persistent_disk_csi_driver_config": [
                  {
                    "enabled": false
                  }
                ],
                "gcp_filestore_csi_driver_config": [
                  {
                    "enabled": false
                  }
                ],
                "gke_backup_agent_config": [
                  {
                    "enabled": false
                  }
                ],
                "horizontal_pod_autoscaling": [
                  {
                    "disabled": false
                  }
                ],
                "http_load_balancing": [
                  {
                    "disabled": false
                  }
                ],
                "istio_config": [
                  {
                    "auth": "",
                    "disabled": true
                  }
                ],
                "kalm_config": [
                  {
                    "enabled": false
                  }
                ],
                "network_policy_config": [
                  {
                    "disabled": true
                  }
                ]
              }
            ],
            "authenticator_groups_config": [],
            "binary_authorization": [
              {
                "enabled": false,
                "evaluation_mode": ""
              }
            ],
            "cluster_autoscaling": [
              {
                "auto_provisioning_defaults": [],
                "autoscaling_profile": "BALANCED",
                "enabled": false,
                "resource_limits": []
              }
            ],
            "cluster_ipv4_cidr": "172.16.0.0/20",
            "cluster_telemetry": [
              {
                "type": "SYSTEM_ONLY"
              }
            ],
            "confidential_nodes": [],
            "cost_management_config": [],
            "database_encryption": [
              {
                "key_name": "",
                "state": "DECRYPTED"
              }
            ],
            "datapath_provider": "",
            "default_max_pods_per_node": 32,
            "default_snat_status": [
              {
                "disabled": false
              }
            ],
            "description": "",
            "dns_config": [],
            "enable_autopilot": false,
            "enable_binary_authorization": false,
            "enable_intranode_visibility": false,
            "enable_kubernetes_alpha": false,
            "enable_l4_ilb_subsetting": false,
            "enable_legacy_abac": false,
            "enable_shielded_nodes": false,
            "enable_tpu": false,
            "endpoint": "192.168.1.2",
            "gateway_api_config": [],
            "id": "projects/mygkeproject-381022/locations/us-central1/clusters/cluster-dev",
            "identity_service_config": [],
            "initial_node_count": 1,
            "ip_allocation_policy": [
              {
                "cluster_ipv4_cidr_block": "172.16.0.0/20",
                "cluster_secondary_range_name": "pods",
                "services_ipv4_cidr_block": "192.168.0.0/24",
                "services_secondary_range_name": "services",
                "stack_type": "IPV4"
              }
            ],
            "label_fingerprint": "1f5b7e2c",
            "location": "us-central1",
            "logging_config": [
              {
                "enable_components": [
                  "SYSTEM_COMPONENTS"
                ]
              }
            ],
            "logging_service": "logging.googleapis.com/kubernetes",
            "maintenance_policy": [
              {
                "daily_maintenance_window": [
                  {
                    "duration": "PT4H0M0S",
                    "start_time": "03:00"
                  }
                ],
                "maintenance_exclusion": [],
                "recurring_window": []
              }
            ],
            "master_auth": [
              {
                "client_certificate": "",
                "client_certificate_config": [
                  {
                    "issue_client_certificate": false
                  }
                ],
                "client_key": "",
                "cluster_ca_certificate": "LS0tLS1CRUdJTiBDRVJUSUZJQ0FURS0tLS0tCk1JSUVMVENDQXBXZ0F3SUJBZ0lSQVAyK0lGZFZTV25KeWFsazA2TTYwWVV3RFFZSktvWklodmNOQVFFTEJRQXcKTHpFdE1Dc0dBMVVFQXhNa04yRmpZMkl6WkdZdFlUSTJNaTAwTkdRMExUZ3pNV0V0TVdObVpUazJPRFl6TnpreApNQ0FYRFRJek1EUXdOakUyTVRFMU5Gb1lEekl3TlRNd016STVNVGN4TVRVMFdqQXZNUzB3S3dZRFZRUURFeVEzCllXTmpZak5rWmkxaE1qWXlMVFEwWkRRdE9ETXhZUzB4WTJabE9UWTROak0zT1RFd2dnR2lNQTBHQ1NxR1NJYjMKRFFFQkFRVUFBNElCandBd2dnR0tBb0lCZ1FDb25SWGttaGVuR21JSU5DeEVzZDhsa01WWkk3bmVmWEtEZnVsSwowMDlOa1FyRVkwVmovVm43blpCcXVJdExIaWFhb3FVcVB0bUVkdmZHSVliSXFkTmx0ckY0SE5xKzZLVU1YeXlMCnl1V001REtVYkl1STZ0L1dZL0dHeFZGeWZ6aW5mUkxsZ0pRSFc1WGtTMHA1SDJuYnBOUVA0bDNqS0FydXd1dTUKYUI2ZDA2Y0JseFZsRmxMVHZ3ZXpHWS96cHRCWFpGQisxZ3l2NkZ3U2hqNjBqR2k3cmJMbzg4cDUybFlvclViZwpHQXBOMDB0dnZJSzcvaTlhZjFpUGZZNG1UN0RuS1NHd1oyM0RrUGNFZ3o2SGIyQmQ1ejRxV0IwaDdWVU42bC8wCi9zTm9oUWFlN0IycW5yUS83MktCcUN4SWkxSnNxTFY2QTZEK2lEOWloTEphT1gyRURCVnF6cUlzYVJuOGcxdHEKQVFCVTBGblV4WG5NWkROcm5URmRCS3VqSWpNaCsycnFaY1F5Q0ZhRnZLdjVYTE5lVEFVTld2SXRtVHpsa2FWdAp6TlZpL1h5TGYyODZDQnZSbldSNXV4cWg3cjYzaWVwUEVmYmpXMmNkTUUzRngybUxTR1p0WmZicEVQbTJ6RXBvCkpYekQ0dEdtZHZNQUlqbWhKWWpsak9RQzlhc0NBd0VBQWFOQ01FQXdEZ1lEVlIwUEFRSC9CQVFEQWdJRU1BOEcKQTFVZEV3RUIvd1FGTUFNQkFmOHdIUVlEVlIwT0JCWUVGTWk1K0p0R2pKZENiMkNQRVhkRnY4Q2RMVjVOTUEwRwpDU3FHU0liM0RRRUJDd1VBQTRJQmdRQkttdUovYVpMRE0reVVyUFhkbnNwSGw1UGg0NkNBUmJucmo2R3ZkZHEwCmYyNFlrTEJLenljSitoSGM2bmpldmQ2RWhRSlRqOXhVbittak1GcVg4aEF6aFc4VjN4N1BwNzJjTnNSSlNCbzQKNmhaVGl2d3oxcWNIVjZ1NnlucngxNlNmVkowSFVtTG1ST1gyTmw4V1pRVk1NczQ4WGt0aGZIMjVTTmtSTHdsUApYemNCUGNGSVBTQ0lMTWZpaWp4dGY2ajhjbFZ3dmlJTFNMVzZMbS9nR2M0N0JGZGtqN0lDS09kRURINDRsOFBVCnhuTlFJNW1rMFlpZEg2L3AzMnF4aXMrNjB6VlhNYko2alhtYTU4alp0czZXOEk4TTNoM2FZSC9Db0JRYlhaT2EKU1BpTWw2ZWdLNVYwUTVmcDdBUjFjeWt1QXh5aVRFZGsxY01HVy9qQTgxeDdMbDc1Y3F2b0tyRzg3QzI4Z2JWWgplbllSbStZT1Z1dTFyV2lHY05taWY2bGxUSGxtbnFaSXJnVytSWXZxNmRjSVFrL3lOVTUyZThhdzN6RnZlY1JlClR4em1ya0ZxTVhNQkxRb3ZKaHpiNjU2R2M3KzRqRTQ3NVBWc2NnOVBPUUlXcVFlZkVxQ2xJQy9sTkQvV0g5U0EKSWxkaTVuWm1oUFNMbHI4OGtXRmlHN0E9Ci0tLS0tRU5EIENFUlRJRklDQVRFLS0tLS0K"
              }
            ],
            "master_authorized_networks_config": [
              {
                "cidr_blocks": [
                  {
                    "cidr_block": "10.0.0.0/8",
                    "display_name": "internal-vms"
                  }
                ],
                "gcp_public_cidrs_access_enabled": false
              }
            ],
            "master_version": "1.24.10-gke.2300",
            "mesh_certificates": [],
            "min_master_version": null,
            "monitoring_config": [
              {
                "enable_components": [
                  "SYSTEM_COMPONENTS"
                ],
                "managed_prometheus": []
              }
            ],
            "monitoring_service": "monitoring.googleapis.com/kubernetes",
            "name": "cluster-dev",
            "network": "projects/mygkeproject-381022/global/networks/dev-network",
            "network_policy": [
              {
                "enabled": false,
                "provider": "PROVIDER_UNSPECIFIED"
              }
            ],
            "networking_mode": "VPC_NATIVE",
            "node_config": [],
            "node_locations": [
              "us-central1-a",
              "us-central1-b",
              "us-central1-f"
            ],
            "node_pool": [],
            "node_pool_auto_config": [
              {
                "network_tags": null
              }
            ],
            "node_pool_defaults": [
              {
                "node_config_defaults": [
                  {
                    "gcfs_config": [],
                    "logging_variant": "DEFAULT"
                  }
                ]
              }
            ],
            "node_version": "1.24.10-gke.2300",
            "notification_config": [
              {
                "pubsub": [
                  {
                    "enabled": false,
                    "filter": [],
                    "topic": ""
                  }
                ]
              }
            ],
            "operation": null,
            "pod_security_policy_config": [
              {
                "enabled": false
              }
            ],
            "private_cluster_config": [
              {
                "enable_private_endpoint": true,
                "enable_private_nodes": true,
                "master_global_access_config": [
                  {
                    "enabled": false
                  }
                ],
                "master_ipv4_cidr_block": "192.168.1.0/28",
                "peering_name": "gke-n2e815f42f1364e3d08f-9368-4b83-peer",
                "private_endpoint": "192.168.1.2",
                "private_endpoint_subnetwork": "",
                "public_endpoint": "34.30.250.215"
              }
            ],
            "private_ipv6_google_access": "",
            "project": "mygkeproject-381022",
            "protect_config": [
              {
                "workload_config": [
                  {
                    "audit_mode": "MODE_UNSPECIFIED"
                  }
                ],
                "workload_vulnerability_mode": "WORKLOAD_VULNERABILITY_MODE_UNSPECIFIED"
              }
            ],
            "release_channel": [
              {
                "channel": "REGULAR"
              }
            ],
            "remove_default_node_pool": true,
            "resource_labels": {
              "environment": "dev"
            },
            "resource_usage_export_config": [],
            "self_link": "https://container.googleapis.com/v1beta1/projects/mygkeproject-381022/locations/us-central1/clusters/cluster-dev",
            "service_external_ips_config": [
              {
                "enabled": false
              }
            ],
            "services_ipv4_cidr": "192.168.0.0/24",
            "subnetwork": "projects/mygkeproject-381022/regions/us-central1/subnetworks/cluster-subnet",
            "timeouts": null,
            "tpu_config": null,
            "tpu_ipv4_cidr_block": "",
            "vertical_pod_autoscaling": [],
            "workload_identity_config": [
              {
                "workload_pool": "mygkeproject-381022.svc.id.goog"
              }
            ]
          },
          "sensitive_attributes": [],
          "private": "eyJlMmJmYjczMC1lY2FhLTExZTYtOGY4OC0zNDM2M2JjN2M0YzAiOnsiY3JlYXRlIjoyNDAwMDAwMDAwMDAwLCJkZWxldGUiOjI0MDAwMDAwMDAwMDAsInJlYWQiOjI0MDAwMDAwMDAwMDAsInVwZGF0ZSI6MzYwMDAwMDAwMDAwMH0sInNjaGVtYV92ZXJzaW9uIjoiMSJ9",
          "dependencies": [
            "module.gke-cluster-1.google_pubsub_topic.notifications",
            "module.gke_vpc.data.google_compute_network.network",
            "module.gke_vpc.google_compute_network.network",
            "module.gke_vpc.google_compute_network_peering.local",
            "module.gke_vpc.google_compute_network_peering.remote",
            "module.gke_vpc.google_compute_shared_vpc_host_project.shared_vpc_host",
            "module.gke_vpc.google_compute_shared_vpc_service_project.service_projects",
            "module.gke_vpc.google_compute_subnetwork.subnetwork",
            "module.gke_vpc.google_service_networking_connection.psa_connection"
          ]
        }
      ]
    },
    {
      "module": "module.gke-cluster-1-nodepool-1",
      "mode": "managed",
      "type": "google_container_node_pool",
      "name": "nodepool",
      "provider": "provider[\"registry.terraform.io/hashicorp/google-beta\"]",
      "instances": [
        {
          "schema_version": 1,
          "attributes": {
            "autoscaling": [
              {
                "location_policy": "ANY",
                "max_node_count": 10,
                "min_node_count": 1,
                "total_max_node_count": 0,
                "total_min_node_count": 0
              }
            ],
            "cluster": "projects/mygkeproject-381022/locations/us-central1/clusters/cluster-dev",
            "id": "projects/mygkeproject-381022/locations/us-central1/clusters/cluster-dev/nodePools/nodepool-1",
            "initial_node_count": 1,
            "instance_group_urls": [
              "https://www.googleapis.com/compute/v1/projects/mygkeproject-381022/zones/us-central1-a/instanceGroupManagers/gke-cluster-dev-nodepool-1-271950e5-grp",
              "https://www.googleapis.com/compute/v1/projects/mygkeproject-381022/zones/us-central1-f/instanceGroupManagers/gke-cluster-dev-nodepool-1-ed371bba-grp",
              "https://www.googleapis.com/compute/v1/projects/mygkeproject-381022/zones/us-central1-b/instanceGroupManagers/gke-cluster-dev-nodepool-1-7a64c93e-grp"
            ],
            "location": "us-central1",
            "managed_instance_group_urls": [
              "https://www.googleapis.com/compute/beta/projects/mygkeproject-381022/zones/us-central1-a/instanceGroups/gke-cluster-dev-nodepool-1-271950e5-grp",
              "https://www.googleapis.com/compute/beta/projects/mygkeproject-381022/zones/us-central1-f/instanceGroups/gke-cluster-dev-nodepool-1-ed371bba-grp",
              "https://www.googleapis.com/compute/beta/projects/mygkeproject-381022/zones/us-central1-b/instanceGroups/gke-cluster-dev-nodepool-1-7a64c93e-grp"
            ],
            "management": [
              {
                "auto_repair": true,
                "auto_upgrade": true
              }
            ],
            "max_pods_per_node": 32,
            "name": "nodepool-1",
            "name_prefix": "",
            "network_config": [
              {
                "create_pod_range": false,
                "enable_private_nodes": false,
                "pod_ipv4_cidr_block": "172.16.0.0/20",
                "pod_range": "pods"
              }
            ],
            "node_config": [
              {
                "advanced_machine_features": [],
                "boot_disk_kms_key": "",
                "disk_size_gb": 50,
                "disk_type": "pd-ssd",
                "ephemeral_storage_config": [
                  {
                    "local_ssd_count": 1
                  }
                ],
                "gcfs_config": [],
                "guest_accelerator": [],
                "gvnic": [],
                "image_type": "COS_CONTAINERD",
                "kubelet_config": [],
                "labels": {
                  "environment": "dev"
                },
                "linux_node_config": [],
                "local_nvme_ssd_block_config": [],
                "local_ssd_count": 0,
                "logging_variant": "DEFAULT",
                "machine_type": "n2-standard-2",
                "metadata": {
                  "disable-legacy-endpoints": "true"
                },
                "min_cpu_platform": "",
                "node_group": "",
                "oauth_scopes": [
                  "https://www.googleapis.com/auth/cloud-platform"
                ],
                "preemptible": false,
                "reservation_affinity": [],
                "resource_labels": null,
                "sandbox_config": [],
                "service_account": "nodepool-1@mygkeproject-381022.iam.gserviceaccount.com",
                "shielded_instance_config": [
                  {
                    "enable_integrity_monitoring": true,
                    "enable_secure_boot": false
                  }
                ],
                "spot": true,
                "tags": null,
                "taint": [],
                "workload_metadata_config": [
                  {
                    "mode": "GKE_METADATA"
                  }
                ]
              }
            ],
            "node_count": 1,
            "node_locations": [
              "us-central1-a",
              "us-central1-b",
              "us-central1-f"
            ],
            "operation": null,
            "placement_policy": [],
            "project": "mygkeproject-381022",
            "timeouts": null,
            "upgrade_settings": [
              {
                "blue_green_settings": [],
                "max_surge": 1,
                "max_unavailable": 0,
                "strategy": "SURGE"
              }
            ],
            "version": "1.24.10-gke.2300"
          },
          "sensitive_attributes": [],
          "private": "eyJlMmJmYjczMC1lY2FhLTExZTYtOGY4OC0zNDM2M2JjN2M0YzAiOnsiY3JlYXRlIjoxODAwMDAwMDAwMDAwLCJkZWxldGUiOjE4MDAwMDAwMDAwMDAsInVwZGF0ZSI6MTgwMDAwMDAwMDAwMH0sInNjaGVtYV92ZXJzaW9uIjoiMSJ9",
          "dependencies": [
            "module.gke-cluster-1-nodepool-1.google_service_account.service_account",
            "module.gke-cluster-1.google_container_cluster.cluster",
            "module.gke-cluster-1.google_pubsub_topic.notifications",
            "module.gke_vpc.data.google_compute_network.network",
            "module.gke_vpc.google_compute_network.network",
            "module.gke_vpc.google_compute_network_peering.local",
            "module.gke_vpc.google_compute_network_peering.remote",
            "module.gke_vpc.google_compute_shared_vpc_host_project.shared_vpc_host",
            "module.gke_vpc.google_compute_shared_vpc_service_project.service_projects",
            "module.gke_vpc.google_compute_subnetwork.subnetwork",
            "module.gke_vpc.google_service_networking_connection.psa_connection"
          ]
        }
      ]
    },
    {
      "module": "module.gke-cluster-1-nodepool-1",
      "mode": "managed",
      "type": "google_service_account",
      "name": "service_account",
      "provider": "provider[\"registry.terraform.io/hashicorp/google\"]",
      "instances": [
        {
          "index_key": 0,
          "schema_version": 0,
          "attributes": {
            "account_id": "nodepool-1",
            "description": "",
            "disabled": false,
            "display_name": "Terraform GKE cluster-dev nodepool-1.",
            "email": "nodepool-1@mygkeproject-381022.iam.gserviceaccount.com",
            "id": "projects/mygkeproject-381022/serviceAccounts/nodepool-1@mygkeproject-381022.iam.gserviceaccount.com",
            "member": "serviceAccount:nodepool-1@mygkeproject-381022.iam.gserviceaccount.com",
            "name": "projects/mygkeproject-381022/serviceAccounts/nodepool-1@mygkeproject-381022.iam.gserviceaccount.com",
            "project": "mygkeproject-381022",
            "timeouts": null,
            "unique_id": "110892958909086352680"
          },
          "sensitive_attributes": [],
          "private": "eyJlMmJmYjczMC1lY2FhLTExZTYtOGY4OC0zNDM2M2JjN2M0YzAiOnsiY3JlYXRlIjozMDAwMDAwMDAwMDB9fQ=="
        }
      ]
    },
    {
      "module": "module.gke_fw_rules",
      "mode": "managed",
      "type": "google_compute_firewall",
      "name": "allow-tag-http",
      "provider": "provider[\"registry.terraform.io/hashicorp/google\"]",
      "instances": [
        {
          "index_key": 0,
          "schema_version": 1,
          "attributes": {
            "allow": [
              {
                "ports": [
                  "80"
                ],
                "protocol": "tcp"
              }
            ],
            "creation_timestamp": "2023-04-06T10:04:46.508-07:00",
            "deny": [],
            "description": "Allow http to machines with matching tags.",
            "destination_ranges": [],
            "direction": "INGRESS",
            "disabled": false,
            "enable_logging": null,
            "id": "projects/mygkeproject-381022/global/firewalls/dev-network-ingress-tag-http",
            "log_config": [],
            "name": "dev-network-ingress-tag-http",
            "network": "https://www.googleapis.com/compute/v1/projects/mygkeproject-381022/global/networks/dev-network",
            "priority": 1000,
            "project": "mygkeproject-381022",
            "self_link": "https://www.googleapis.com/compute/v1/projects/mygkeproject-381022/global/firewalls/dev-network-ingress-tag-http",
            "source_ranges": [
              "130.211.0.0/22",
              "209.85.152.0/22",
              "209.85.204.0/22",
              "35.191.0.0/16"
            ],
            "source_service_accounts": null,
            "source_tags": null,
            "target_service_accounts": null,
            "target_tags": [
              "http-server"
            ],
            "timeouts": null
          },
          "sensitive_attributes": [],
          "private": "eyJlMmJmYjczMC1lY2FhLTExZTYtOGY4OC0zNDM2M2JjN2M0YzAiOnsiY3JlYXRlIjoxMjAwMDAwMDAwMDAwLCJkZWxldGUiOjEyMDAwMDAwMDAwMDAsInVwZGF0ZSI6MTIwMDAwMDAwMDAwMH0sInNjaGVtYV92ZXJzaW9uIjoiMSJ9"
        }
      ]
    },
    {
      "module": "module.gke_fw_rules",
      "mode": "managed",
      "type": "google_compute_firewall",
      "name": "allow-tag-https",
      "provider": "provider[\"registry.terraform.io/hashicorp/google\"]",
      "instances": [
        {
          "index_key": 0,
          "schema_version": 1,
          "attributes": {
            "allow": [
              {
                "ports": [
                  "443"
                ],
                "protocol": "tcp"
              }
            ],
            "creation_timestamp": "2023-04-06T10:04:46.503-07:00",
            "deny": [],
            "description": "Allow http to machines with matching tags.",
            "destination_ranges": [],
            "direction": "INGRESS",
            "disabled": false,
            "enable_logging": null,
            "id": "projects/mygkeproject-381022/global/firewalls/dev-network-ingress-tag-https",
            "log_config": [],
            "name": "dev-network-ingress-tag-https",
            "network": "https://www.googleapis.com/compute/v1/projects/mygkeproject-381022/global/networks/dev-network",
            "priority": 1000,
            "project": "mygkeproject-381022",
            "self_link": "https://www.googleapis.com/compute/v1/projects/mygkeproject-381022/global/firewalls/dev-network-ingress-tag-https",
            "source_ranges": [
              "130.211.0.0/22",
              "209.85.152.0/22",
              "209.85.204.0/22",
              "35.191.0.0/16"
            ],
            "source_service_accounts": null,
            "source_tags": null,
            "target_service_accounts": null,
            "target_tags": [
              "https-server"
            ],
            "timeouts": null
          },
          "sensitive_attributes": [],
          "private": "eyJlMmJmYjczMC1lY2FhLTExZTYtOGY4OC0zNDM2M2JjN2M0YzAiOnsiY3JlYXRlIjoxMjAwMDAwMDAwMDAwLCJkZWxldGUiOjEyMDAwMDAwMDAwMDAsInVwZGF0ZSI6MTIwMDAwMDAwMDAwMH0sInNjaGVtYV92ZXJzaW9uIjoiMSJ9"
        }
      ]
    },
    {
      "module": "module.gke_fw_rules",
      "mode": "managed",
      "type": "google_compute_firewall",
      "name": "allow-tag-ssh",
      "provider": "provider[\"registry.terraform.io/hashicorp/google\"]",
      "instances": [
        {
          "index_key": 0,
          "schema_version": 1,
          "attributes": {
            "allow": [
              {
                "ports": [
                  "22"
                ],
                "protocol": "tcp"
              }
            ],
            "creation_timestamp": "2023-04-06T10:04:46.474-07:00",
            "deny": [],
            "description": "Allow SSH to machines with matching tags.",
            "destination_ranges": [],
            "direction": "INGRESS",
            "disabled": false,
            "enable_logging": null,
            "id": "projects/mygkeproject-381022/global/firewalls/dev-network-ingress-tag-ssh",
            "log_config": [],
            "name": "dev-network-ingress-tag-ssh",
            "network": "https://www.googleapis.com/compute/v1/projects/mygkeproject-381022/global/networks/dev-network",
            "priority": 1000,
            "project": "mygkeproject-381022",
            "self_link": "https://www.googleapis.com/compute/v1/projects/mygkeproject-381022/global/firewalls/dev-network-ingress-tag-ssh",
            "source_ranges": [
              "10.0.0.0/8"
            ],
            "source_service_accounts": null,
            "source_tags": null,
            "target_service_accounts": null,
            "target_tags": [
              "ssh-default"
            ],
            "timeouts": null
          },
          "sensitive_attributes": [],
          "private": "eyJlMmJmYjczMC1lY2FhLTExZTYtOGY4OC0zNDM2M2JjN2M0YzAiOnsiY3JlYXRlIjoxMjAwMDAwMDAwMDAwLCJkZWxldGUiOjEyMDAwMDAwMDAwMDAsInVwZGF0ZSI6MTIwMDAwMDAwMDAwMH0sInNjaGVtYV92ZXJzaW9uIjoiMSJ9"
        }
      ]
    },
    {
      "module": "module.gke_nat",
      "mode": "managed",
      "type": "google_compute_router",
      "name": "router",
      "provider": "provider[\"registry.terraform.io/hashicorp/google\"]",
      "instances": [
        {
          "index_key": 0,
          "schema_version": 0,
          "attributes": {
            "bgp": [
              {
                "advertise_mode": "DEFAULT",
                "advertised_groups": [],
                "advertised_ip_ranges": [],
                "asn": 64514,
                "keepalive_interval": 20
              }
            ],
            "creation_timestamp": "2023-04-06T09:43:43.137-07:00",
            "description": "",
            "encrypted_interconnect_router": false,
            "id": "projects/mygkeproject-381022/regions/us-central1/routers/kube-router",
            "name": "kube-router",
            "network": "https://www.googleapis.com/compute/v1/projects/mygkeproject-381022/global/networks/dev-network",
            "project": "mygkeproject-381022",
            "region": "us-central1",
            "self_link": "https://www.googleapis.com/compute/v1/projects/mygkeproject-381022/regions/us-central1/routers/kube-router",
            "timeouts": null
          },
          "sensitive_attributes": [],
          "private": "eyJlMmJmYjczMC1lY2FhLTExZTYtOGY4OC0zNDM2M2JjN2M0YzAiOnsiY3JlYXRlIjoxMjAwMDAwMDAwMDAwLCJkZWxldGUiOjEyMDAwMDAwMDAwMDAsInVwZGF0ZSI6MTIwMDAwMDAwMDAwMH19",
          "dependencies": [
            "module.gke_vpc.data.google_compute_network.network",
            "module.gke_vpc.google_compute_global_address.psa_ranges",
            "module.gke_vpc.google_compute_network.network",
            "module.gke_vpc.google_compute_network_peering.local",
            "module.gke_vpc.google_compute_network_peering.remote",
            "module.gke_vpc.google_compute_shared_vpc_host_project.shared_vpc_host",
            "module.gke_vpc.google_compute_shared_vpc_service_project.service_projects",
            "module.gke_vpc.google_service_networking_connection.psa_connection"
          ]
        }
      ]
    },
    {
      "module": "module.gke_nat",
      "mode": "managed",
      "type": "google_compute_router_nat",
      "name": "nat",
      "provider": "provider[\"registry.terraform.io/hashicorp/google\"]",
      "instances": [
        {
          "schema_version": 0,
          "attributes": {
            "drain_nat_ips": [],
            "enable_dynamic_port_allocation": false,
            "enable_endpoint_independent_mapping": true,
            "icmp_idle_timeout_sec": 30,
            "id": "mygkeproject-381022/us-central1/kube-router/kube-nat",
            "log_config": [
              {
                "enable": false,
                "filter": "ALL"
              }
            ],
            "max_ports_per_vm": 0,
            "min_ports_per_vm": 64,
            "name": "kube-nat",
            "nat_ip_allocate_option": "AUTO_ONLY",
            "nat_ips": [],
            "project": "mygkeproject-381022",
            "region": "us-central1",
            "router": "kube-router",
            "rules": [],
            "source_subnetwork_ip_ranges_to_nat": "ALL_SUBNETWORKS_ALL_IP_RANGES",
            "subnetwork": [],
            "tcp_established_idle_timeout_sec": 1200,
            "tcp_time_wait_timeout_sec": 120,
            "tcp_transitory_idle_timeout_sec": 30,
            "timeouts": null,
            "udp_idle_timeout_sec": 30
          },
          "sensitive_attributes": [],
          "private": "eyJlMmJmYjczMC1lY2FhLTExZTYtOGY4OC0zNDM2M2JjN2M0YzAiOnsiY3JlYXRlIjoxMjAwMDAwMDAwMDAwLCJkZWxldGUiOjEyMDAwMDAwMDAwMDAsInVwZGF0ZSI6MTIwMDAwMDAwMDAwMH19",
          "dependencies": [
            "module.gke_nat.google_compute_router.router",
            "module.gke_vpc.data.google_compute_network.network",
            "module.gke_vpc.google_compute_global_address.psa_ranges",
            "module.gke_vpc.google_compute_network.network",
            "module.gke_vpc.google_compute_network_peering.local",
            "module.gke_vpc.google_compute_network_peering.remote",
            "module.gke_vpc.google_compute_shared_vpc_host_project.shared_vpc_host",
            "module.gke_vpc.google_compute_shared_vpc_service_project.service_projects",
            "module.gke_vpc.google_service_networking_connection.psa_connection"
          ]
        }
      ]
    },
    {
      "module": "module.gke_vpc",
      "mode": "managed",
      "type": "google_compute_network",
      "name": "network",
      "provider": "provider[\"registry.terraform.io/hashicorp/google\"]",
      "instances": [
        {
          "index_key": 0,
          "schema_version": 0,
          "attributes": {
            "auto_create_subnetworks": false,
            "delete_default_routes_on_create": false,
            "description": "Terraform-managed.",
            "enable_ula_internal_ipv6": false,
            "gateway_ipv4": "",
            "id": "projects/mygkeproject-381022/global/networks/dev-network",
            "internal_ipv6_range": "",
            "mtu": 0,
            "name": "dev-network",
            "network_firewall_policy_enforcement_order": "AFTER_CLASSIC_FIREWALL",
            "project": "mygkeproject-381022",
            "routing_mode": "GLOBAL",
            "self_link": "https://www.googleapis.com/compute/v1/projects/mygkeproject-381022/global/networks/dev-network",
            "timeouts": null
          },
          "sensitive_attributes": [],
          "private": "eyJlMmJmYjczMC1lY2FhLTExZTYtOGY4OC0zNDM2M2JjN2M0YzAiOnsiY3JlYXRlIjoxMjAwMDAwMDAwMDAwLCJkZWxldGUiOjEyMDAwMDAwMDAwMDAsInVwZGF0ZSI6MTIwMDAwMDAwMDAwMH19",
          "create_before_destroy": true
        }
      ]
    },
    {
      "module": "module.gke_vpc",
      "mode": "managed",
      "type": "google_compute_subnetwork",
      "name": "subnetwork",
      "provider": "provider[\"registry.terraform.io/hashicorp/google\"]",
      "instances": [
        {
          "index_key": "us-central1/cluster-subnet",
          "schema_version": 0,
          "attributes": {
            "creation_timestamp": "2023-04-06T09:43:43.277-07:00",
            "description": "Terraform-managed.",
            "external_ipv6_prefix": "",
            "fingerprint": null,
            "gateway_address": "10.50.0.1",
            "id": "projects/mygkeproject-381022/regions/us-central1/subnetworks/cluster-subnet",
            "ip_cidr_range": "10.50.0.0/16",
            "ipv6_access_type": "",
            "ipv6_cidr_range": "",
            "log_config": [],
            "name": "cluster-subnet",
            "network": "https://www.googleapis.com/compute/v1/projects/mygkeproject-381022/global/networks/dev-network",
            "private_ip_google_access": true,
            "private_ipv6_google_access": "DISABLE_GOOGLE_ACCESS",
            "project": "mygkeproject-381022",
            "purpose": "PRIVATE",
            "region": "us-central1",
            "role": "",
            "secondary_ip_range": [
              {
                "ip_cidr_range": "172.16.0.0/20",
                "range_name": "pods"
              },
              {
                "ip_cidr_range": "192.168.0.0/24",
                "range_name": "services"
              }
            ],
            "self_link": "https://www.googleapis.com/compute/v1/projects/mygkeproject-381022/regions/us-central1/subnetworks/cluster-subnet",
            "stack_type": "IPV4_ONLY",
            "timeouts": null
          },
          "sensitive_attributes": [],
          "private": "eyJlMmJmYjczMC1lY2FhLTExZTYtOGY4OC0zNDM2M2JjN2M0YzAiOnsiY3JlYXRlIjoxMjAwMDAwMDAwMDAwLCJkZWxldGUiOjEyMDAwMDAwMDAwMDAsInVwZGF0ZSI6MTIwMDAwMDAwMDAwMH19",
          "dependencies": [
            "module.gke_vpc.data.google_compute_network.network",
            "module.gke_vpc.google_compute_network.network"
          ],
          "create_before_destroy": true
        }
      ]
    },
    {
      "module": "module.jumpbox",
      "mode": "managed",
      "type": "google_compute_instance",
      "name": "default",
      "provider": "provider[\"registry.terraform.io/hashicorp/google-beta\"]",
      "instances": [
        {
          "index_key": 0,
          "schema_version": 6,
          "attributes": {
            "advanced_machine_features": [],
            "allow_stopping_for_update": true,
            "attached_disk": [],
            "boot_disk": [
              {
                "auto_delete": true,
                "device_name": "persistent-disk-0",
                "disk_encryption_key_raw": "",
                "disk_encryption_key_sha256": "",
                "initialize_params": [
                  {
                    "image": "https://www.googleapis.com/compute/beta/projects/debian-cloud/global/images/debian-11-bullseye-v20230306",
                    "labels": {},
                    "size": 10,
                    "type": "pd-balanced"
                  }
                ],
                "kms_key_self_link": "",
                "mode": "READ_WRITE",
                "source": "https://www.googleapis.com/compute/v1/projects/mygkeproject-381022/zones/us-central1-c/disks/jumpbox"
              }
            ],
            "can_ip_forward": false,
            "confidential_instance_config": [],
            "cpu_platform": "Intel Haswell",
            "current_status": "RUNNING",
            "deletion_protection": false,
            "description": "Managed by the compute-vm Terraform module.",
            "desired_status": null,
            "enable_display": false,
            "guest_accelerator": [],
            "hostname": "",
            "id": "projects/mygkeproject-381022/zones/us-central1-c/instances/jumpbox",
            "instance_id": "557593526741977144",
            "label_fingerprint": "42WmSpB8rSM=",
            "labels": {},
            "machine_type": "f1-micro",
            "metadata": {},
            "metadata_fingerprint": "1jyazVMiDzk=",
            "metadata_startup_script": null,
            "min_cpu_platform": "",
            "name": "jumpbox",
            "network_interface": [
              {
                "access_config": [],
                "alias_ip_range": [],
                "ipv6_access_config": [],
                "ipv6_access_type": "",
                "name": "nic0",
                "network": "https://www.googleapis.com/compute/v1/projects/mygkeproject-381022/global/networks/dev-network",
                "network_ip": "10.50.0.2",
                "nic_type": "",
                "queue_count": 0,
                "stack_type": "IPV4_ONLY",
                "subnetwork": "https://www.googleapis.com/compute/v1/projects/mygkeproject-381022/regions/us-central1/subnetworks/cluster-subnet",
                "subnetwork_project": "mygkeproject-381022"
              }
            ],
            "network_performance_config": [],
            "project": "mygkeproject-381022",
            "reservation_affinity": [],
            "resource_policies": [],
            "scheduling": [
              {
                "automatic_restart": true,
                "instance_termination_action": "",
                "maintenance_interval": "",
                "max_run_duration": [],
                "min_node_cpus": 0,
                "node_affinities": [],
                "on_host_maintenance": "MIGRATE",
                "preemptible": false,
                "provisioning_model": "STANDARD"
              }
            ],
            "scratch_disk": [],
            "self_link": "https://www.googleapis.com/compute/v1/projects/mygkeproject-381022/zones/us-central1-c/instances/jumpbox",
            "service_account": [
              {
                "email": "jumpbox-sac@mygkeproject-381022.iam.gserviceaccount.com",
                "scopes": [
                  "https://www.googleapis.com/auth/cloud-platform"
                ]
              }
            ],
            "shielded_instance_config": [
              {
                "enable_integrity_monitoring": true,
                "enable_secure_boot": false,
                "enable_vtpm": true
              }
            ],
            "tags": [],
            "tags_fingerprint": "42WmSpB8rSM=",
            "timeouts": null,
            "zone": "us-central1-c"
          },
          "sensitive_attributes": [],
          "private": "eyJlMmJmYjczMC1lY2FhLTExZTYtOGY4OC0zNDM2M2JjN2M0YzAiOnsiY3JlYXRlIjoxMjAwMDAwMDAwMDAwLCJkZWxldGUiOjEyMDAwMDAwMDAwMDAsInVwZGF0ZSI6MTIwMDAwMDAwMDAwMH0sInNjaGVtYV92ZXJzaW9uIjoiNiJ9",
          "dependencies": [
            "module.gke_vpc.data.google_compute_network.network",
            "module.gke_vpc.google_compute_network.network",
            "module.gke_vpc.google_compute_network_peering.local",
            "module.gke_vpc.google_compute_network_peering.remote",
            "module.gke_vpc.google_compute_shared_vpc_host_project.shared_vpc_host",
            "module.gke_vpc.google_compute_shared_vpc_service_project.service_projects",
            "module.gke_vpc.google_compute_subnetwork.subnetwork",
            "module.gke_vpc.google_service_networking_connection.psa_connection",
            "module.jumpbox.google_compute_disk.disks",
            "module.jumpbox.google_compute_region_disk.disks",
            "module.jumpbox.google_service_account.service_account"
          ]
        }
      ]
    },
    {
      "module": "module.myproject-default-service-accounts",
      "mode": "managed",
      "type": "google_project_iam_member",
      "name": "project-roles",
      "provider": "provider[\"registry.terraform.io/hashicorp/google\"]",
      "instances": [
        {
          "index_key": "mygkeproject-381022-roles/container.clusterAdmin",
          "schema_version": 0,
          "attributes": {
            "condition": [],
            "etag": "BwX4rZuJckY=",
            "id": "mygkeproject-381022/roles/container.clusterAdmin/serviceAccount:jumpbox-sac@mygkeproject-381022.iam.gserviceaccount.com",
            "member": "serviceAccount:jumpbox-sac@mygkeproject-381022.iam.gserviceaccount.com",
            "project": "mygkeproject-381022",
            "role": "roles/container.clusterAdmin"
          },
          "sensitive_attributes": [],
          "private": "bnVsbA==",
          "dependencies": [
            "module.myproject-default-service-accounts.data.google_service_account.service_account",
            "module.myproject-default-service-accounts.google_service_account.service_account"
          ]
        },
        {
          "index_key": "mygkeproject-381022-roles/logging.logWriter",
          "schema_version": 0,
          "attributes": {
            "condition": [],
            "etag": "BwX4rZuJckY=",
            "id": "mygkeproject-381022/roles/logging.logWriter/serviceAccount:jumpbox-sac@mygkeproject-381022.iam.gserviceaccount.com",
            "member": "serviceAccount:jumpbox-sac@mygkeproject-381022.iam.gserviceaccount.com",
            "project": "mygkeproject-381022",
            "role": "roles/logging.logWriter"
          },
          "sensitive_attributes": [],
          "private": "bnVsbA==",
          "dependencies": [
            "module.myproject-default-service-accounts.data.google_service_account.service_account",
            "module.myproject-default-service-accounts.google_service_account.service_account"
          ]
        },
        {
          "index_key": "mygkeproject-381022-roles/monitoring.metricWriter",
          "schema_version": 0,
          "attributes": {
            "condition": [],
            "etag": "BwX4rZuJckY=",
            "id": "mygkeproject-381022/roles/monitoring.metricWriter/serviceAccount:jumpbox-sac@mygkeproject-381022.iam.gserviceaccount.com",
            "member": "serviceAccount:jumpbox-sac@mygkeproject-381022.iam.gserviceaccount.com",
            "project": "mygkeproject-381022",
            "role": "roles/monitoring.metricWriter"
          },
          "sensitive_attributes": [],
          "private": "bnVsbA==",
          "dependencies": [
            "module.myproject-default-service-accounts.data.google_service_account.service_account",
            "module.myproject-default-service-accounts.google_service_account.service_account"
          ]
        }
      ]
    },
    {
      "module": "module.myproject-default-service-accounts",
      "mode": "managed",
      "type": "google_service_account",
      "name": "service_account",
      "provider": "provider[\"registry.terraform.io/hashicorp/google\"]",
      "instances": [
        {
          "index_key": 0,
          "schema_version": 0,
          "attributes": {
            "account_id": "jumpbox-sac",
            "description": "",
            "disabled": false,
            "display_name": "Terraform-managed.",
            "email": "jumpbox-sac@mygkeproject-381022.iam.gserviceaccount.com",
            "id": "projects/mygkeproject-381022/serviceAccounts/jumpbox-sac@mygkeproject-381022.iam.gserviceaccount.com",
            "member": "serviceAccount:jumpbox-sac@mygkeproject-381022.iam.gserviceaccount.com",
            "name": "projects/mygkeproject-381022/serviceAccounts/jumpbox-sac@mygkeproject-381022.iam.gserviceaccount.com",
            "project": "mygkeproject-381022",
            "timeouts": null,
            "unique_id": "111745073568810378654"
          },
          "sensitive_attributes": [],
          "private": "eyJlMmJmYjczMC1lY2FhLTExZTYtOGY4OC0zNDM2M2JjN2M0YzAiOnsiY3JlYXRlIjozMDAwMDAwMDAwMDB9fQ=="
        }
      ]
    }
  ],
  "check_results": null
}
